
Microsoft Visual Studio Solution File, Format Version 12.00
# Visual Studio 15
VisualStudioVersion = 15.0.27130.2036
MinimumVisualStudioVersion = 10.0.40219.1
Project("{FAE04EC0-301F-11D3-BF4B-00C04F79EFBC}") = "DiversUI.Android", "DiversUI\DiversUI.Android\DiversUI.Android.csproj", "{F0892631-4EE5-4CB8-9395-1EEF2F0851EB}"
EndProject
Project("{FAE04EC0-301F-11D3-BF4B-00C04F79EFBC}") = "DiversUI.iOS", "DiversUI\DiversUI.iOS\DiversUI.iOS.csproj", "{258AF16A-E3CD-4AC4-AFC2-9D1144CE259B}"
EndProject
Project("{FAE04EC0-301F-11D3-BF4B-00C04F79EFBC}") = "DiversUI.UWP", "DiversUI\DiversUI.UWP\DiversUI.UWP.csproj", "{69DC5272-F335-4877-8B47-2C1A1546C4B9}"
EndProject
Project("{FAE04EC0-301F-11D3-BF4B-00C04F79EFBC}") = "DiversUI", "DiversUI\DiversUI\DiversUI.csproj", "{310BCA72-81D3-42F8-A162-9BF56E9AA976}"
EndProject
Global
	GlobalSection(SolutionConfigurationPlatforms) = preSolution
		Ad-Hoc|Any CPU = Ad-Hoc|Any CPU
		Ad-Hoc|ARM = Ad-Hoc|ARM
		Ad-Hoc|iPhone = Ad-Hoc|iPhone
		Ad-Hoc|iPhoneSimulator = Ad-Hoc|iPhoneSimulator
		Ad-Hoc|x64 = Ad-Hoc|x64
		Ad-Hoc|x86 = Ad-Hoc|x86
		AppStore|Any CPU = AppStore|Any CPU
		AppStore|ARM = AppStore|ARM
		AppStore|iPhone = AppStore|iPhone
		AppStore|iPhoneSimulator = AppStore|iPhoneSimulator
		AppStore|x64 = AppStore|x64
		AppStore|x86 = AppStore|x86
		Debug|Any CPU = Debug|Any CPU
		Debug|ARM = Debug|ARM
		Debug|iPhone = Debug|iPhone
		Debug|iPhoneSimulator = Debug|iPhoneSimulator
		Debug|x64 = Debug|x64
		Debug|x86 = Debug|x86
		Release|Any CPU = Release|Any CPU
		Release|ARM = Release|ARM
		Release|iPhone = Release|iPhone
		Release|iPhoneSimulator = Release|iPhoneSimulator
		Release|x64 = Release|x64
		Release|x86 = Release|x86
	EndGlobalSection
	GlobalSection(ProjectConfigurationPlatforms) = postSolution
		{F0892631-4EE5-4CB8-9395-1EEF2F0851EB}.Ad-Hoc|Any CPU.ActiveCfg = Release|Any CPU
		{F0892631-4EE5-4CB8-9395-1EEF2F0851EB}.Ad-Hoc|Any CPU.Build.0 = Release|Any CPU
		{F0892631-4EE5-4CB8-9395-1EEF2F0851EB}.Ad-Hoc|Any CPU.Deploy.0 = Release|Any CPU
		{F0892631-4EE5-4CB8-9395-1EEF2F0851EB}.Ad-Hoc|ARM.ActiveCfg = Release|Any CPU
		{F0892631-4EE5-4CB8-9395-1EEF2F0851EB}.Ad-Hoc|ARM.Build.0 = Release|Any CPU
		{F0892631-4EE5-4CB8-9395-1EEF2F0851EB}.Ad-Hoc|ARM.Deploy.0 = Release|Any CPU
		{F0892631-4EE5-4CB8-9395-1EEF2F0851EB}.Ad-Hoc|iPhone.ActiveCfg = Release|Any CPU
		{F0892631-4EE5-4CB8-9395-1EEF2F0851EB}.Ad-Hoc|iPhone.Build.0 = Release|Any CPU
		{F0892631-4EE5-4CB8-9395-1EEF2F0851EB}.Ad-Hoc|iPhone.Deploy.0 = Release|Any CPU
		{F0892631-4EE5-4CB8-9395-1EEF2F0851EB}.Ad-Hoc|iPhoneSimulator.ActiveCfg = Release|Any CPU
		{F0892631-4EE5-4CB8-9395-1EEF2F0851EB}.Ad-Hoc|iPhoneSimulator.Build.0 = Release|Any CPU
		{F0892631-4EE5-4CB8-9395-1EEF2F0851EB}.Ad-Hoc|iPhoneSimulator.Deploy.0 = Release|Any CPU
		{F0892631-4EE5-4CB8-9395-1EEF2F0851EB}.Ad-Hoc|x64.ActiveCfg = Release|Any CPU
		{F0892631-4EE5-4CB8-9395-1EEF2F0851EB}.Ad-Hoc|x64.Build.0 = Release|Any CPU
		{F0892631-4EE5-4CB8-9395-1EEF2F0851EB}.Ad-Hoc|x64.Deploy.0 = Release|Any CPU
		{F0892631-4EE5-4CB8-9395-1EEF2F0851EB}.Ad-Hoc|x86.ActiveCfg = Release|Any CPU
		{F0892631-4EE5-4CB8-9395-1EEF2F0851EB}.Ad-Hoc|x86.Build.0 = Release|Any CPU
		{F0892631-4EE5-4CB8-9395-1EEF2F0851EB}.Ad-Hoc|x86.Deploy.0 = Release|Any CPU
		{F0892631-4EE5-4CB8-9395-1EEF2F0851EB}.AppStore|Any CPU.ActiveCfg = Release|Any CPU
		{F0892631-4EE5-4CB8-9395-1EEF2F0851EB}.AppStore|Any CPU.Build.0 = Release|Any CPU
		{F0892631-4EE5-4CB8-9395-1EEF2F0851EB}.AppStore|Any CPU.Deploy.0 = Release|Any CPU
		{F0892631-4EE5-4CB8-9395-1EEF2F0851EB}.AppStore|ARM.ActiveCfg = Release|Any CPU
		{F0892631-4EE5-4CB8-9395-1EEF2F0851EB}.AppStore|ARM.Build.0 = Release|Any CPU
		{F0892631-4EE5-4CB8-9395-1EEF2F0851EB}.AppStore|ARM.Deploy.0 = Release|Any CPU
		{F0892631-4EE5-4CB8-9395-1EEF2F0851EB}.AppStore|iPhone.ActiveCfg = Release|Any CPU
		{F0892631-4EE5-4CB8-9395-1EEF2F0851EB}.AppStore|iPhone.Build.0 = Release|Any CPU
		{F0892631-4EE5-4CB8-9395-1EEF2F0851EB}.AppStore|iPhone.Deploy.0 = Release|Any CPU
		{F0892631-4EE5-4CB8-9395-1EEF2F0851EB}.AppStore|iPhoneSimulator.ActiveCfg = Release|Any CPU
		{F0892631-4EE5-4CB8-9395-1EEF2F0851EB}.AppStore|iPhoneSimulator.Build.0 = Release|Any CPU
		{F0892631-4EE5-4CB8-9395-1EEF2F0851EB}.AppStore|iPhoneSimulator.Deploy.0 = Release|Any CPU
		{F0892631-4EE5-4CB8-9395-1EEF2F0851EB}.AppStore|x64.ActiveCfg = Release|Any CPU
		{F0892631-4EE5-4CB8-9395-1EEF2F0851EB}.AppStore|x64.Build.0 = Release|Any CPU
		{F0892631-4EE5-4CB8-9395-1EEF2F0851EB}.AppStore|x64.Deploy.0 = Release|Any CPU
		{F0892631-4EE5-4CB8-9395-1EEF2F0851EB}.AppStore|x86.ActiveCfg = Release|Any CPU
		{F0892631-4EE5-4CB8-9395-1EEF2F0851EB}.AppStore|x86.Build.0 = Release|Any CPU
		{F0892631-4EE5-4CB8-9395-1EEF2F0851EB}.AppStore|x86.Deploy.0 = Release|Any CPU
		{F0892631-4EE5-4CB8-9395-1EEF2F0851EB}.Debug|Any CPU.ActiveCfg = Debug|Any CPU
		{F0892631-4EE5-4CB8-9395-1EEF2F0851EB}.Debug|Any CPU.Build.0 = Debug|Any CPU
		{F0892631-4EE5-4CB8-9395-1EEF2F0851EB}.Debug|Any CPU.Deploy.0 = Debug|Any CPU
		{F0892631-4EE5-4CB8-9395-1EEF2F0851EB}.Debug|ARM.ActiveCfg = Debug|Any CPU
		{F0892631-4EE5-4CB8-9395-1EEF2F0851EB}.Debug|ARM.Build.0 = Debug|Any CPU
		{F0892631-4EE5-4CB8-9395-1EEF2F0851EB}.Debug|ARM.Deploy.0 = Debug|Any CPU
		{F0892631-4EE5-4CB8-9395-1EEF2F0851EB}.Debug|iPhone.ActiveCfg = Debug|Any CPU
		{F0892631-4EE5-4CB8-9395-1EEF2F0851EB}.Debug|iPhone.Build.0 = Debug|Any CPU
		{F0892631-4EE5-4CB8-9395-1EEF2F0851EB}.Debug|iPhone.Deploy.0 = Debug|Any CPU
		{F0892631-4EE5-4CB8-9395-1EEF2F0851EB}.Debug|iPhoneSimulator.ActiveCfg = Debug|Any CPU
		{F0892631-4EE5-4CB8-9395-1EEF2F0851EB}.Debug|iPhoneSimulator.Build.0 = Debug|Any CPU
		{F0892631-4EE5-4CB8-9395-1EEF2F0851EB}.Debug|iPhoneSimulator.Deploy.0 = Debug|Any CPU
		{F0892631-4EE5-4CB8-9395-1EEF2F0851EB}.Debug|x64.ActiveCfg = Debug|Any CPU
		{F0892631-4EE5-4CB8-9395-1EEF2F0851EB}.Debug|x64.Build.0 = Debug|Any CPU
		{F0892631-4EE5-4CB8-9395-1EEF2F0851EB}.Debug|x64.Deploy.0 = Debug|Any CPU
		{F0892631-4EE5-4CB8-9395-1EEF2F0851EB}.Debug|x86.ActiveCfg = Debug|Any CPU
		{F0892631-4EE5-4CB8-9395-1EEF2F0851EB}.Debug|x86.Build.0 = Debug|Any CPU
		{F0892631-4EE5-4CB8-9395-1EEF2F0851EB}.Debug|x86.Deploy.0 = Debug|Any CPU
		{F0892631-4EE5-4CB8-9395-1EEF2F0851EB}.Release|Any CPU.ActiveCfg = Release|Any CPU
		{F0892631-4EE5-4CB8-9395-1EEF2F0851EB}.Release|Any CPU.Build.0 = Release|Any CPU
		{F0892631-4EE5-4CB8-9395-1EEF2F0851EB}.Release|Any CPU.Deploy.0 = Release|Any CPU
		{F0892631-4EE5-4CB8-9395-1EEF2F0851EB}.Release|ARM.ActiveCfg = Release|Any CPU
		{F0892631-4EE5-4CB8-9395-1EEF2F0851EB}.Release|ARM.Build.0 = Release|Any CPU
		{F0892631-4EE5-4CB8-9395-1EEF2F0851EB}.Release|ARM.Deploy.0 = Release|Any CPU
		{F0892631-4EE5-4CB8-9395-1EEF2F0851EB}.Release|iPhone.ActiveCfg = Release|Any CPU
		{F0892631-4EE5-4CB8-9395-1EEF2F0851EB}.Release|iPhone.Build.0 = Release|Any CPU
		{F0892631-4EE5-4CB8-9395-1EEF2F0851EB}.Release|iPhone.Deploy.0 = Release|Any CPU
		{F0892631-4EE5-4CB8-9395-1EEF2F0851EB}.Release|iPhoneSimulator.ActiveCfg = Release|Any CPU
		{F0892631-4EE5-4CB8-9395-1EEF2F0851EB}.Release|iPhoneSimulator.Build.0 = Release|Any CPU
		{F0892631-4EE5-4CB8-9395-1EEF2F0851EB}.Release|iPhoneSimulator.Deploy.0 = Release|Any CPU
		{F0892631-4EE5-4CB8-9395-1EEF2F0851EB}.Release|x64.ActiveCfg = Release|Any CPU
		{F0892631-4EE5-4CB8-9395-1EEF2F0851EB}.Release|x64.Build.0 = Release|Any CPU
		{F0892631-4EE5-4CB8-9395-1EEF2F0851EB}.Release|x64.Deploy.0 = Release|Any CPU
		{F0892631-4EE5-4CB8-9395-1EEF2F0851EB}.Release|x86.ActiveCfg = Release|Any CPU
		{F0892631-4EE5-4CB8-9395-1EEF2F0851EB}.Release|x86.Build.0 = Release|Any CPU
		{F0892631-4EE5-4CB8-9395-1EEF2F0851EB}.Release|x86.Deploy.0 = Release|Any CPU
		{258AF16A-E3CD-4AC4-AFC2-9D1144CE259B}.Ad-Hoc|Any CPU.ActiveCfg = Ad-Hoc|iPhone
		{258AF16A-E3CD-4AC4-AFC2-9D1144CE259B}.Ad-Hoc|ARM.ActiveCfg = Ad-Hoc|iPhone
		{258AF16A-E3CD-4AC4-AFC2-9D1144CE259B}.Ad-Hoc|iPhone.ActiveCfg = Ad-Hoc|iPhone
		{258AF16A-E3CD-4AC4-AFC2-9D1144CE259B}.Ad-Hoc|iPhone.Build.0 = Ad-Hoc|iPhone
		{258AF16A-E3CD-4AC4-AFC2-9D1144CE259B}.Ad-Hoc|iPhoneSimulator.ActiveCfg = Ad-Hoc|iPhoneSimulator
		{258AF16A-E3CD-4AC4-AFC2-9D1144CE259B}.Ad-Hoc|iPhoneSimulator.Build.0 = Ad-Hoc|iPhoneSimulator
		{258AF16A-E3CD-4AC4-AFC2-9D1144CE259B}.Ad-Hoc|x64.ActiveCfg = Ad-Hoc|iPhone
		{258AF16A-E3CD-4AC4-AFC2-9D1144CE259B}.Ad-Hoc|x86.ActiveCfg = Ad-Hoc|iPhone
		{258AF16A-E3CD-4AC4-AFC2-9D1144CE259B}.AppStore|Any CPU.ActiveCfg = AppStore|iPhone
		{258AF16A-E3CD-4AC4-AFC2-9D1144CE259B}.AppStore|ARM.ActiveCfg = AppStore|iPhone
		{258AF16A-E3CD-4AC4-AFC2-9D1144CE259B}.AppStore|iPhone.ActiveCfg = AppStore|iPhone
		{258AF16A-E3CD-4AC4-AFC2-9D1144CE259B}.AppStore|iPhone.Build.0 = AppStore|iPhone
		{258AF16A-E3CD-4AC4-AFC2-9D1144CE259B}.AppStore|iPhoneSimulator.ActiveCfg = AppStore|iPhoneSimulator
		{258AF16A-E3CD-4AC4-AFC2-9D1144CE259B}.AppStore|iPhoneSimulator.Build.0 = AppStore|iPhoneSimulator
		{258AF16A-E3CD-4AC4-AFC2-9D1144CE259B}.AppStore|x64.ActiveCfg = AppStore|iPhone
		{258AF16A-E3CD-4AC4-AFC2-9D1144CE259B}.AppStore|x86.ActiveCfg = AppStore|iPhone
		{258AF16A-E3CD-4AC4-AFC2-9D1144CE259B}.Debug|Any CPU.ActiveCfg = Debug|iPhone
		{258AF16A-E3CD-4AC4-AFC2-9D1144CE259B}.Debug|ARM.ActiveCfg = Debug|iPhone
		{258AF16A-E3CD-4AC4-AFC2-9D1144CE259B}.Debug|iPhone.ActiveCfg = Debug|iPhone
		{258AF16A-E3CD-4AC4-AFC2-9D1144CE259B}.Debug|iPhone.Build.0 = Debug|iPhone
		{258AF16A-E3CD-4AC4-AFC2-9D1144CE259B}.Debug|iPhoneSimulator.ActiveCfg = Debug|iPhoneSimulator
		{258AF16A-E3CD-4AC4-AFC2-9D1144CE259B}.Debug|iPhoneSimulator.Build.0 = Debug|iPhoneSimulator
		{258AF16A-E3CD-4AC4-AFC2-9D1144CE259B}.Debug|x64.ActiveCfg = Debug|iPhone
		{258AF16A-E3CD-4AC4-AFC2-9D1144CE259B}.Debug|x86.ActiveCfg = Debug|iPhone
		{258AF16A-E3CD-4AC4-AFC2-9D1144CE259B}.Release|Any CPU.ActiveCfg = Release|iPhone
		{258AF16A-E3CD-4AC4-AFC2-9D1144CE259B}.Release|ARM.ActiveCfg = Release|iPhone
		{258AF16A-E3CD-4AC4-AFC2-9D1144CE259B}.Release|iPhone.ActiveCfg = Release|iPhone
		{258AF16A-E3CD-4AC4-AFC2-9D1144CE259B}.Release|iPhone.Build.0 = Release|iPhone
		{258AF16A-E3CD-4AC4-AFC2-9D1144CE259B}.Release|iPhoneSimulator.ActiveCfg = Release|iPhoneSimulator
		{258AF16A-E3CD-4AC4-AFC2-9D1144CE259B}.Release|iPhoneSimulator.Build.0 = Release|iPhoneSimulator
		{258AF16A-E3CD-4AC4-AFC2-9D1144CE259B}.Release|x64.ActiveCfg = Release|iPhone
		{258AF16A-E3CD-4AC4-AFC2-9D1144CE259B}.Release|x86.ActiveCfg = Release|iPhone
		{69DC5272-F335-4877-8B47-2C1A1546C4B9}.Ad-Hoc|Any CPU.ActiveCfg = Release|x86
		{69DC5272-F335-4877-8B47-2C1A1546C4B9}.Ad-Hoc|Any CPU.Build.0 = Release|x86
		{69DC5272-F335-4877-8B47-2C1A1546C4B9}.Ad-Hoc|Any CPU.Deploy.0 = Release|x86
		{69DC5272-F335-4877-8B47-2C1A1546C4B9}.Ad-Hoc|ARM.ActiveCfg = Release|ARM
		{69DC5272-F335-4877-8B47-2C1A1546C4B9}.Ad-Hoc|ARM.Build.0 = Release|ARM
		{69DC5272-F335-4877-8B47-2C1A1546C4B9}.Ad-Hoc|ARM.Deploy.0 = Release|ARM
		{69DC5272-F335-4877-8B47-2C1A1546C4B9}.Ad-Hoc|iPhone.ActiveCfg = Release|x86
		{69DC5272-F335-4877-8B47-2C1A1546C4B9}.Ad-Hoc|iPhone.Build.0 = Release|x86
		{69DC5272-F335-4877-8B47-2C1A1546C4B9}.Ad-Hoc|iPhone.Deploy.0 = Release|x86
		{69DC5272-F335-4877-8B47-2C1A1546C4B9}.Ad-Hoc|iPhoneSimulator.ActiveCfg = Release|x86
		{69DC5272-F335-4877-8B47-2C1A1546C4B9}.Ad-Hoc|iPhoneSimulator.Build.0 = Release|x86
		{69DC5272-F335-4877-8B47-2C1A1546C4B9}.Ad-Hoc|iPhoneSimulator.Deploy.0 = Release|x86
		{69DC5272-F335-4877-8B47-2C1A1546C4B9}.Ad-Hoc|x64.ActiveCfg = Release|x64
		{69DC5272-F335-4877-8B47-2C1A1546C4B9}.Ad-Hoc|x64.Build.0 = Release|x64
		{69DC5272-F335-4877-8B47-2C1A1546C4B9}.Ad-Hoc|x64.Deploy.0 = Release|x64
		{69DC5272-F335-4877-8B47-2C1A1546C4B9}.Ad-Hoc|x86.ActiveCfg = Release|x86
		{69DC5272-F335-4877-8B47-2C1A1546C4B9}.Ad-Hoc|x86.Build.0 = Release|x86
		{69DC5272-F335-4877-8B47-2C1A1546C4B9}.Ad-Hoc|x86.Deploy.0 = Release|x86
		{69DC5272-F335-4877-8B47-2C1A1546C4B9}.AppStore|Any CPU.ActiveCfg = Release|x86
		{69DC5272-F335-4877-8B47-2C1A1546C4B9}.AppStore|Any CPU.Build.0 = Release|x86
		{69DC5272-F335-4877-8B47-2C1A1546C4B9}.AppStore|Any CPU.Deploy.0 = Release|x86
		{69DC5272-F335-4877-8B47-2C1A1546C4B9}.AppStore|ARM.ActiveCfg = Release|ARM
		{69DC5272-F335-4877-8B47-2C1A1546C4B9}.AppStore|ARM.Build.0 = Release|ARM
		{69DC5272-F335-4877-8B47-2C1A1546C4B9}.AppStore|ARM.Deploy.0 = Release|ARM
		{69DC5272-F335-4877-8B47-2C1A1546C4B9}.AppStore|iPhone.ActiveCfg = Release|x86
		{69DC5272-F335-4877-8B47-2C1A1546C4B9}.AppStore|iPhone.Build.0 = Release|x86
		{69DC5272-F335-4877-8B47-2C1A1546C4B9}.AppStore|iPhone.Deploy.0 = Release|x86
		{69DC5272-F335-4877-8B47-2C1A1546C4B9}.AppStore|iPhoneSimulator.ActiveCfg = Release|x86
		{69DC5272-F335-4877-8B47-2C1A1546C4B9}.AppStore|iPhoneSimulator.Build.0 = Release|x86
		{69DC5272-F335-4877-8B47-2C1A1546C4B9}.AppStore|iPhoneSimulator.Deploy.0 = Release|x86
		{69DC5272-F335-4877-8B47-2C1A1546C4B9}.AppStore|x64.ActiveCfg = Release|x64
		{69DC5272-F335-4877-8B47-2C1A1546C4B9}.AppStore|x64.Build.0 = Release|x64
		{69DC5272-F335-4877-8B47-2C1A1546C4B9}.AppStore|x64.Deploy.0 = Release|x64
		{69DC5272-F335-4877-8B47-2C1A1546C4B9}.AppStore|x86.ActiveCfg = Release|x86
		{69DC5272-F335-4877-8B47-2C1A1546C4B9}.AppStore|x86.Build.0 = Release|x86
		{69DC5272-F335-4877-8B47-2C1A1546C4B9}.AppStore|x86.Deploy.0 = Release|x86
		{69DC5272-F335-4877-8B47-2C1A1546C4B9}.Debug|Any CPU.ActiveCfg = Debug|x86
		{69DC5272-F335-4877-8B47-2C1A1546C4B9}.Debug|ARM.ActiveCfg = Debug|ARM
		{69DC5272-F335-4877-8B47-2C1A1546C4B9}.Debug|ARM.Build.0 = Debug|ARM
		{69DC5272-F335-4877-8B47-2C1A1546C4B9}.Debug|ARM.Deploy.0 = Debug|ARM
		{69DC5272-F335-4877-8B47-2C1A1546C4B9}.Debug|iPhone.ActiveCfg = Debug|x86
		{69DC5272-F335-4877-8B47-2C1A1546C4B9}.Debug|iPhoneSimulator.ActiveCfg = Debug|x86
		{69DC5272-F335-4877-8B47-2C1A1546C4B9}.Debug|x64.ActiveCfg = Debug|x64
		{69DC5272-F335-4877-8B47-2C1A1546C4B9}.Debug|x64.Build.0 = Debug|x64
		{69DC5272-F335-4877-8B47-2C1A1546C4B9}.Debug|x64.Deploy.0 = Debug|x64
		{69DC5272-F335-4877-8B47-2C1A1546C4B9}.Debug|x86.ActiveCfg = Debug|x86
		{69DC5272-F335-4877-8B47-2C1A1546C4B9}.Debug|x86.Build.0 = Debug|x86
		{69DC5272-F335-4877-8B47-2C1A1546C4B9}.Debug|x86.Deploy.0 = Debug|x86
		{69DC5272-F335-4877-8B47-2C1A1546C4B9}.Release|Any CPU.ActiveCfg = Release|x86
		{69DC5272-F335-4877-8B47-2C1A1546C4B9}.Release|ARM.ActiveCfg = Release|ARM
		{69DC5272-F335-4877-8B47-2C1A1546C4B9}.Release|ARM.Build.0 = Release|ARM
		{69DC5272-F335-4877-8B47-2C1A1546C4B9}.Release|ARM.Deploy.0 = Release|ARM
		{69DC5272-F335-4877-8B47-2C1A1546C4B9}.Release|iPhone.ActiveCfg = Release|x86
		{69DC5272-F335-4877-8B47-2C1A1546C4B9}.Release|iPhoneSimulator.ActiveCfg = Release|x86
		{69DC5272-F335-4877-8B47-2C1A1546C4B9}.Release|x64.ActiveCfg = Release|x64
		{69DC5272-F335-4877-8B47-2C1A1546C4B9}.Release|x64.Build.0 = Release|x64
		{69DC5272-F335-4877-8B47-2C1A1546C4B9}.Release|x64.Deploy.0 = Release|x64
		{69DC5272-F335-4877-8B47-2C1A1546C4B9}.Release|x86.ActiveCfg = Release|x86
		{69DC5272-F335-4877-8B47-2C1A1546C4B9}.Release|x86.Build.0 = Release|x86
		{69DC5272-F335-4877-8B47-2C1A1546C4B9}.Release|x86.Deploy.0 = Release|x86
		{310BCA72-81D3-42F8-A162-9BF56E9AA976}.Ad-Hoc|Any CPU.ActiveCfg = Debug|Any CPU
		{310BCA72-81D3-42F8-A162-9BF56E9AA976}.Ad-Hoc|Any CPU.Build.0 = Debug|Any CPU
		{310BCA72-81D3-42F8-A162-9BF56E9AA976}.Ad-Hoc|ARM.ActiveCfg = Debug|Any CPU
		{310BCA72-81D3-42F8-A162-9BF56E9AA976}.Ad-Hoc|ARM.Build.0 = Debug|Any CPU
		{310BCA72-81D3-42F8-A162-9BF56E9AA976}.Ad-Hoc|iPhone.ActiveCfg = Debug|Any CPU
		{310BCA72-81D3-42F8-A162-9BF56E9AA976}.Ad-Hoc|iPhone.Build.0 = Debug|Any CPU
		{310BCA72-81D3-42F8-A162-9BF56E9AA976}.Ad-Hoc|iPhoneSimulator.ActiveCfg = Debug|Any CPU
		{310BCA72-81D3-42F8-A162-9BF56E9AA976}.Ad-Hoc|iPhoneSimulator.Build.0 = Debug|Any CPU
		{310BCA72-81D3-42F8-A162-9BF56E9AA976}.Ad-Hoc|x64.ActiveCfg = Debug|Any CPU
		{310BCA72-81D3-42F8-A162-9BF56E9AA976}.Ad-Hoc|x64.Build.0 = Debug|Any CPU
		{310BCA72-81D3-42F8-A162-9BF56E9AA976}.Ad-Hoc|x86.ActiveCfg = Debug|Any CPU
		{310BCA72-81D3-42F8-A162-9BF56E9AA976}.Ad-Hoc|x86.Build.0 = Debug|Any CPU
		{310BCA72-81D3-42F8-A162-9BF56E9AA976}.AppStore|Any CPU.ActiveCfg = Debug|Any CPU
		{310BCA72-81D3-42F8-A162-9BF56E9AA976}.AppStore|Any CPU.Build.0 = Debug|Any CPU
		{310BCA72-81D3-42F8-A162-9BF56E9AA976}.AppStore|ARM.ActiveCfg = Debug|Any CPU
		{310BCA72-81D3-42F8-A162-9BF56E9AA976}.AppStore|ARM.Build.0 = Debug|Any CPU
		{310BCA72-81D3-42F8-A162-9BF56E9AA976}.AppStore|iPhone.ActiveCfg = Debug|Any CPU
		{310BCA72-81D3-42F8-A162-9BF56E9AA976}.AppStore|iPhone.Build.0 = Debug|Any CPU
		{310BCA72-81D3-42F8-A162-9BF56E9AA976}.AppStore|iPhoneSimulator.ActiveCfg = Debug|Any CPU
		{310BCA72-81D3-42F8-A162-9BF56E9AA976}.AppStore|iPhoneSimulator.Build.0 = Debug|Any CPU
		{310BCA72-81D3-42F8-A162-9BF56E9AA976}.AppStore|x64.ActiveCfg = Debug|Any CPU
		{310BCA72-81D3-42F8-A162-9BF56E9AA976}.AppStore|x64.Build.0 = Debug|Any CPU
		{310BCA72-81D3-42F8-A162-9BF56E9AA976}.AppStore|x86.ActiveCfg = Debug|Any CPU
		{310BCA72-81D3-42F8-A162-9BF56E9AA976}.AppStore|x86.Build.0 = Debug|Any CPU
		{310BCA72-81D3-42F8-A162-9BF56E9AA976}.Debug|Any CPU.ActiveCfg = Debug|Any CPU
		{310BCA72-81D3-42F8-A162-9BF56E9AA976}.Debug|Any CPU.Build.0 = Debug|Any CPU
		{310BCA72-81D3-42F8-A162-9BF56E9AA976}.Debug|ARM.ActiveCfg = Debug|Any CPU
		{310BCA72-81D3-42F8-A162-9BF56E9AA976}.Debug|ARM.Build.0 = Debug|Any CPU
		{310BCA72-81D3-42F8-A162-9BF56E9AA976}.Debug|iPhone.ActiveCfg = Debug|Any CPU
		{310BCA72-81D3-42F8-A162-9BF56E9AA976}.Debug|iPhone.Build.0 = Debug|Any CPU
		{310BCA72-81D3-42F8-A162-9BF56E9AA976}.Debug|iPhoneSimulator.ActiveCfg = Debug|Any CPU
		{310BCA72-81D3-42F8-A162-9BF56E9AA976}.Debug|iPhoneSimulator.Build.0 = Debug|Any CPU
		{310BCA72-81D3-42F8-A162-9BF56E9AA976}.Debug|x64.ActiveCfg = Debug|Any CPU
		{310BCA72-81D3-42F8-A162-9BF56E9AA976}.Debug|x64.Build.0 = Debug|Any CPU
		{310BCA72-81D3-42F8-A162-9BF56E9AA976}.Debug|x86.ActiveCfg = Debug|Any CPU
		{310BCA72-81D3-42F8-A162-9BF56E9AA976}.Debug|x86.Build.0 = Debug|Any CPU
		{310BCA72-81D3-42F8-A162-9BF56E9AA976}.Release|Any CPU.ActiveCfg = Release|Any CPU
		{310BCA72-81D3-42F8-A162-9BF56E9AA976}.Release|Any CPU.Build.0 = Release|Any CPU
		{310BCA72-81D3-42F8-A162-9BF56E9AA976}.Release|ARM.ActiveCfg = Release|Any CPU
		{310BCA72-81D3-42F8-A162-9BF56E9AA976}.Release|ARM.Build.0 = Release|Any CPU
		{310BCA72-81D3-42F8-A162-9BF56E9AA976}.Release|iPhone.ActiveCfg = Release|Any CPU
		{310BCA72-81D3-42F8-A162-9BF56E9AA976}.Release|iPhone.Build.0 = Release|Any CPU
		{310BCA72-81D3-42F8-A162-9BF56E9AA976}.Release|iPhoneSimulator.ActiveCfg = Release|Any CPU
		{310BCA72-81D3-42F8-A162-9BF56E9AA976}.Release|iPhoneSimulator.Build.0 = Release|Any CPU
		{310BCA72-81D3-42F8-A162-9BF56E9AA976}.Release|x64.ActiveCfg = Release|Any CPU
		{310BCA72-81D3-42F8-A162-9BF56E9AA976}.Release|x64.Build.0 = Release|Any CPU
		{310BCA72-81D3-42F8-A162-9BF56E9AA976}.Release|x86.ActiveCfg = Release|Any CPU
		{310BCA72-81D3-42F8-A162-9BF56E9AA976}.Release|x86.Build.0 = Release|Any CPU
	EndGlobalSection
	GlobalSection(SolutionProperties) = preSolution
		HideSolutionNode = FALSE
	EndGlobalSection
	GlobalSection(ExtensibilityGlobals) = postSolution
		SolutionGuid = {25050BA6-C1C3-4AB6-AAB7-BEBD1A2A18E8}
	EndGlobalSection
EndGlobal
